
Microsoft Visual Studio Solution File, Format Version 12.00
# Visual Studio 15
VisualStudioVersion = 15.0.28010.2003
MinimumVisualStudioVersion = 10.0.40219.1
Project("{8BC9CEB8-8B4A-11D0-8D11-00A0C91BC942}") = "TestScores", "TestScores\TestScores.vcxproj", "{ACAE2430-E458-4F9A-AE36-5AA083993EAF}"
EndProject
Global
	GlobalSection(SolutionConfigurationPlatforms) = preSolution
		Debug|x64 = Debug|x64
		Debug|x86 = Debug|x86
		Release|x64 = Release|x64
		Release|x86 = Release|x86
	EndGlobalSection
	GlobalSection(ProjectConfigurationPlatforms) = postSolution
		{ACAE2430-E458-4F9A-AE36-5AA083993EAF}.Debug|x64.ActiveCfg = Debug|x64
		{ACAE2430-E458-4F9A-AE36-5AA083993EAF}.Debug|x64.Build.0 = Debug|x64
		{ACAE2430-E458-4F9A-AE36-5AA083993EAF}.Debug|x86.ActiveCfg = Debug|Win32
		{ACAE2430-E458-4F9A-AE36-5AA083993EAF}.Debug|x86.Build.0 = Debug|Win32
		{ACAE2430-E458-4F9A-AE36-5AA083993EAF}.Release|x64.ActiveCfg = Release|x64
		{ACAE2430-E458-4F9A-AE36-5AA083993EAF}.Release|x64.Build.0 = Release|x64
		{ACAE2430-E458-4F9A-AE36-5AA083993EAF}.Release|x86.ActiveCfg = Release|Win32
		{ACAE2430-E458-4F9A-AE36-5AA083993EAF}.Release|x86.Build.0 = Release|Win32
	EndGlobalSection
	GlobalSection(SolutionProperties) = preSolution
		HideSolutionNode = FALSE
	EndGlobalSection
	GlobalSection(ExtensibilityGlobals) = postSolution
		SolutionGuid = {03BB10E4-70F9-4419-8633-E3076B27EB4A}
	EndGlobalSection
EndGlobal
